{
  "nodes": {
    "flake-utils": {
      "locked": {
        "lastModified": 1652776076,
        "narHash": "sha256-gzTw/v1vj4dOVbpBSJX4J0DwUR6LIyXo7/SuuTJp1kM=",
        "owner": "numtide",
        "repo": "flake-utils",
        "rev": "04c1b180862888302ddfb2e3ad9eaa63afc60cf8",
        "type": "github"
      },
      "original": {
        "owner": "numtide",
        "ref": "v1.0.0",
        "repo": "flake-utils",
        "type": "github"
      }
    },
    "nixos": {
      "locked": {
        "lastModified": 1690630041,
        "narHash": "sha256-gbnvqm5goS9DSKAqGFpq3398aOpwejmq4qWikqmQyRo=",
        "owner": "NixOS",
        "repo": "nixpkgs",
        "rev": "d57e8c535d4cbb07f441c30988ce52eec69db7a8",
        "type": "github"
      },
      "original": {
        "owner": "NixOS",
        "ref": "nixos-23.05",
        "repo": "nixpkgs",
        "type": "github"
      }
    },
    "pythoneda-shared-artifact-changes-shared": {
      "inputs": {
        "flake-utils": [
          "flake-utils"
        ],
        "nixos": [
          "nixos"
        ],
        "pythoneda-shared-pythoneda-banner": [
          "pythoneda-shared-pythoneda-banner"
        ],
        "pythoneda-shared-pythoneda-domain": [
          "pythoneda-shared-pythoneda-domain"
        ]
      },
      "locked": {
        "dir": "shared",
        "lastModified": 1693923267,
        "narHash": "sha256-DaefVgC+tlpGEpPN76AgKw+n9iDB18tngsy/l2xXWKg=",
        "owner": "pythoneda-shared-artifact-changes",
        "repo": "shared-artifact",
        "rev": "eaceddfc2112da9bd16c3b4e73fb68d13a66ae52",
        "type": "github"
      },
      "original": {
        "dir": "shared",
        "owner": "pythoneda-shared-artifact-changes",
        "ref": "0.0.1a12",
        "repo": "shared-artifact",
        "type": "github"
      }
    },
    "pythoneda-shared-code-requests-events": {
      "inputs": {
        "flake-utils": [
          "flake-utils"
        ],
        "nixos": [
          "nixos"
        ],
        "pythoneda-shared-artifact-changes-shared": [
          "pythoneda-shared-artifact-changes-shared"
        ],
        "pythoneda-shared-code-requests-shared": [
          "pythoneda-shared-code-requests-shared"
        ],
        "pythoneda-shared-pythoneda-banner": [
          "pythoneda-shared-pythoneda-banner"
        ],
        "pythoneda-shared-pythoneda-domain": [
          "pythoneda-shared-pythoneda-domain"
        ]
      },
      "locked": {
        "dir": "events",
        "lastModified": 1693923575,
        "narHash": "sha256-NVeWPLPHnK2Bf4FyBj22udmyXS+1aI6OKXaC7LU5X8k=",
        "owner": "pythoneda-shared-code-requests",
        "repo": "events-artifact",
        "rev": "e14147ff430edefc4ee08cea2cdbabc91fbc2ec5",
        "type": "github"
      },
      "original": {
        "dir": "events",
        "owner": "pythoneda-shared-code-requests",
        "ref": "0.0.1a8",
        "repo": "events-artifact",
        "type": "github"
      }
    },
    "pythoneda-shared-code-requests-shared": {
      "inputs": {
        "flake-utils": [
          "flake-utils"
        ],
        "nixos": [
          "nixos"
        ],
        "pythoneda-shared-pythoneda-banner": [
          "pythoneda-shared-pythoneda-banner"
        ],
        "pythoneda-shared-pythoneda-domain": [
          "pythoneda-shared-pythoneda-domain"
        ]
      },
      "locked": {
        "dir": "shared",
        "lastModified": 1693923443,
        "narHash": "sha256-bwq4GMdOkue6R0GkyFpyBmslWS/LrnRD3YAowdWu0To=",
        "owner": "pythoneda-shared-code-requests",
        "repo": "shared-artifact",
        "rev": "7202473482e5b55241d8ab9d143272e6ca271d2e",
        "type": "github"
      },
      "original": {
        "dir": "shared",
        "owner": "pythoneda-shared-code-requests",
        "ref": "0.0.1a8",
        "repo": "shared-artifact",
        "type": "github"
      }
    },
    "pythoneda-shared-pythoneda-banner": {
      "inputs": {
        "flake-utils": [
          "flake-utils"
        ],
        "nixos": [
          "nixos"
        ]
      },
      "locked": {
        "lastModified": 1692873465,
        "narHash": "sha256-VtbGIjpwP7CJlpjYm0qzKztpfDQNYQq7u0nEVMJ88QY=",
        "owner": "pythoneda-shared-pythoneda",
        "repo": "banner",
        "rev": "e19cbdc9499627ff7d933435854d5f83579bbd31",
        "type": "github"
      },
      "original": {
        "owner": "pythoneda-shared-pythoneda",
        "ref": "0.0.1a16",
        "repo": "banner",
        "type": "github"
      }
    },
    "pythoneda-shared-pythoneda-domain": {
      "inputs": {
        "flake-utils": [
          "flake-utils"
        ],
        "nixos": [
          "nixos"
        ],
        "pythoneda-shared-pythoneda-banner": [
          "pythoneda-shared-pythoneda-banner"
        ]
      },
      "locked": {
        "dir": "domain",
        "lastModified": 1693922651,
        "narHash": "sha256-ekdEElERbZqW5I0fYI0kt1TRvUrgq4YhBr+2sNnMzTU=",
        "owner": "pythoneda-shared-pythoneda",
        "repo": "domain-artifact",
        "rev": "37c8358d0912ec9083f3cbd609494fb4aa396bb2",
        "type": "github"
      },
      "original": {
        "dir": "domain",
        "owner": "pythoneda-shared-pythoneda",
        "ref": "0.0.1a40",
        "repo": "domain-artifact",
        "type": "github"
      }
    },
    "pythoneda-shared-pythoneda-infrastructure": {
      "inputs": {
        "flake-utils": [
          "flake-utils"
        ],
        "nixos": [
          "nixos"
        ],
        "pythoneda-shared-pythoneda-banner": [
          "pythoneda-shared-pythoneda-banner"
        ],
        "pythoneda-shared-pythoneda-domain": [
          "pythoneda-shared-pythoneda-domain"
        ]
      },
      "locked": {
        "dir": "infrastructure",
        "lastModified": 1693922795,
        "narHash": "sha256-z4oMBPAGLOjLWbWqf4JR+3HJ4xhh85G3SX1VfFb2kQY=",
        "owner": "pythoneda-shared-pythoneda",
        "repo": "infrastructure-artifact",
        "rev": "886a9bdece073d0f6e7be321719f1a0f4a7aff4e",
        "type": "github"
      },
      "original": {
        "dir": "infrastructure",
        "owner": "pythoneda-shared-pythoneda",
        "ref": "0.0.1a26",
        "repo": "infrastructure-artifact",
        "type": "github"
      }
    },
    "root": {
      "inputs": {
        "flake-utils": "flake-utils",
        "nixos": "nixos",
        "pythoneda-shared-artifact-changes-shared": "pythoneda-shared-artifact-changes-shared",
        "pythoneda-shared-code-requests-events": "pythoneda-shared-code-requests-events",
        "pythoneda-shared-code-requests-shared": "pythoneda-shared-code-requests-shared",
        "pythoneda-shared-pythoneda-banner": "pythoneda-shared-pythoneda-banner",
        "pythoneda-shared-pythoneda-domain": "pythoneda-shared-pythoneda-domain",
        "pythoneda-shared-pythoneda-infrastructure": "pythoneda-shared-pythoneda-infrastructure"
      }
    }
  },
  "root": "root",
  "version": 7
}
